
Microsoft Visual Studio Solution File, Format Version 12.00
# Visual Studio Version 17
VisualStudioVersion = 17.1.31903.286
MinimumVisualStudioVersion = 10.0.40219.1
Project("{9A19103F-16F7-4668-BE54-9A1E7A4F7556}") = "PlainTextObjectStore", "PlainTextObjectStore\PlainTextObjectStore.csproj", "{E75F6BC0-32FC-4D48-94E5-BE0A80DEDF0F}"
EndProject
Project("{FAE04EC0-301F-11D3-BF4B-00C04F79EFBC}") = "PlainTextObjectStore_IntegrationTests", "PlainTextObjectStore_IntegrationTests\PlainTextObjectStore_IntegrationTests.csproj", "{50041EF0-553A-42A1-8E91-5F593EA3671C}"
EndProject
Global
	GlobalSection(SolutionConfigurationPlatforms) = preSolution
		Debug|Any CPU = Debug|Any CPU
		Release|Any CPU = Release|Any CPU
	EndGlobalSection
	GlobalSection(ProjectConfigurationPlatforms) = postSolution
		{E75F6BC0-32FC-4D48-94E5-BE0A80DEDF0F}.Debug|Any CPU.ActiveCfg = Debug|Any CPU
		{E75F6BC0-32FC-4D48-94E5-BE0A80DEDF0F}.Debug|Any CPU.Build.0 = Debug|Any CPU
		{E75F6BC0-32FC-4D48-94E5-BE0A80DEDF0F}.Release|Any CPU.ActiveCfg = Release|Any CPU
		{E75F6BC0-32FC-4D48-94E5-BE0A80DEDF0F}.Release|Any CPU.Build.0 = Release|Any CPU
		{50041EF0-553A-42A1-8E91-5F593EA3671C}.Debug|Any CPU.ActiveCfg = Debug|Any CPU
		{50041EF0-553A-42A1-8E91-5F593EA3671C}.Debug|Any CPU.Build.0 = Debug|Any CPU
		{50041EF0-553A-42A1-8E91-5F593EA3671C}.Release|Any CPU.ActiveCfg = Release|Any CPU
		{50041EF0-553A-42A1-8E91-5F593EA3671C}.Release|Any CPU.Build.0 = Release|Any CPU
	EndGlobalSection
	GlobalSection(SolutionProperties) = preSolution
		HideSolutionNode = FALSE
	EndGlobalSection
	GlobalSection(ExtensibilityGlobals) = postSolution
		SolutionGuid = {6EFCD773-67F8-4AE2-AE25-E738CF23182A}
	EndGlobalSection
EndGlobal
